
Microsoft Visual Studio Solution File, Format Version 12.00
# Visual Studio Version 17
VisualStudioVersion = 17.9.34321.82
MinimumVisualStudioVersion = 10.0.40219.1
Project("{FAE04EC0-301F-11D3-BF4B-00C04F79EFBC}") = "Practice_Serializer_Deserializer", "Practice_Serializer_Deserializer\Practice_Serializer_Deserializer.csproj", "{B9340276-ACEC-48D9-8824-B9E09025ABC8}"
EndProject
Global
	GlobalSection(SolutionConfigurationPlatforms) = preSolution
		Debug|Any CPU = Debug|Any CPU
		Release|Any CPU = Release|Any CPU
	EndGlobalSection
	GlobalSection(ProjectConfigurationPlatforms) = postSolution
		{B9340276-ACEC-48D9-8824-B9E09025ABC8}.Debug|Any CPU.ActiveCfg = Debug|Any CPU
		{B9340276-ACEC-48D9-8824-B9E09025ABC8}.Debug|Any CPU.Build.0 = Debug|Any CPU
		{B9340276-ACEC-48D9-8824-B9E09025ABC8}.Release|Any CPU.ActiveCfg = Release|Any CPU
		{B9340276-ACEC-48D9-8824-B9E09025ABC8}.Release|Any CPU.Build.0 = Release|Any CPU
	EndGlobalSection
	GlobalSection(SolutionProperties) = preSolution
		HideSolutionNode = FALSE
	EndGlobalSection
	GlobalSection(ExtensibilityGlobals) = postSolution
		SolutionGuid = {834AA2AE-1800-47FA-BE1F-F7E43EBEB84F}
	EndGlobalSection
EndGlobal
